
Microsoft Visual Studio Solution File, Format Version 12.00
# Visual Studio Version 17
VisualStudioVersion = 17.4.33110.190
MinimumVisualStudioVersion = 10.0.40219.1
Project("{9A19103F-16F7-4668-BE54-9A1E7A4F7556}") = "LessonMonitor.API", "LessonMonitor.API\LessonMonitor.API.csproj", "{0E20C7B5-DF29-4208-AEBA-28800780068D}"
EndProject
Project("{9A19103F-16F7-4668-BE54-9A1E7A4F7556}") = "LessonMonitor.BusinessLogic", "LessonMonitor.BusinessLogic\LessonMonitor.BusinessLogic.csproj", "{08B96B89-2FFA-469E-9813-CD5FEF8F2567}"
EndProject
Project("{9A19103F-16F7-4668-BE54-9A1E7A4F7556}") = "LessonMonitor.DataAccess", "LessonMonitor.DataAccess\LessonMonitor.DataAccess.csproj", "{8FCF1193-C0A0-4FB7-98D8-AFE25A3BFA29}"
EndProject
Project("{9A19103F-16F7-4668-BE54-9A1E7A4F7556}") = "LessonMonitor.Core", "LessonMonitor.Core\LessonMonitor.Core.csproj", "{75DD44C2-4353-4F00-97D4-586AEF746648}"
EndProject
Project("{9A19103F-16F7-4668-BE54-9A1E7A4F7556}") = "DI_Tests", "DI_Tests\DI_Tests.csproj", "{2F54E9A8-D8BE-4C38-9B4E-A0EB7602691C}"
EndProject
Project("{9A19103F-16F7-4668-BE54-9A1E7A4F7556}") = "LessonMonitor.BusinessLogic.MsTests", "LessonMonitor.BusinessLogic.MsTests\LessonMonitor.BusinessLogic.MsTests.csproj", "{05014713-1561-4573-8B3F-64AE87EAF232}"
EndProject
Project("{9A19103F-16F7-4668-BE54-9A1E7A4F7556}") = "LessonMonitor.BusinessLogic.NTests", "LessonMonitor.BusinessLogic.NTests\LessonMonitor.BusinessLogic.NTests.csproj", "{A970B00F-3E6F-44A2-9E75-0A3C93DA597F}"
EndProject
Project("{9A19103F-16F7-4668-BE54-9A1E7A4F7556}") = "LessonMonitor.BusinessLogic.XTests", "LessonMonitor.BusinessLogic.XTests\LessonMonitor.BusinessLogic.XTests.csproj", "{6AE1AB78-0A5F-46FA-BCEF-22BC52342DA7}"
EndProject
Project("{FAE04EC0-301F-11D3-BF4B-00C04F79EFBC}") = "TredandAsync", "TredandAsync\TredandAsync.csproj", "{4D32855C-1324-418E-A365-89DCA4FEAB21}"
EndProject
Global
	GlobalSection(SolutionConfigurationPlatforms) = preSolution
		Debug|Any CPU = Debug|Any CPU
		Release|Any CPU = Release|Any CPU
	EndGlobalSection
	GlobalSection(ProjectConfigurationPlatforms) = postSolution
		{0E20C7B5-DF29-4208-AEBA-28800780068D}.Debug|Any CPU.ActiveCfg = Debug|Any CPU
		{0E20C7B5-DF29-4208-AEBA-28800780068D}.Debug|Any CPU.Build.0 = Debug|Any CPU
		{0E20C7B5-DF29-4208-AEBA-28800780068D}.Release|Any CPU.ActiveCfg = Release|Any CPU
		{0E20C7B5-DF29-4208-AEBA-28800780068D}.Release|Any CPU.Build.0 = Release|Any CPU
		{08B96B89-2FFA-469E-9813-CD5FEF8F2567}.Debug|Any CPU.ActiveCfg = Debug|Any CPU
		{08B96B89-2FFA-469E-9813-CD5FEF8F2567}.Debug|Any CPU.Build.0 = Debug|Any CPU
		{08B96B89-2FFA-469E-9813-CD5FEF8F2567}.Release|Any CPU.ActiveCfg = Release|Any CPU
		{08B96B89-2FFA-469E-9813-CD5FEF8F2567}.Release|Any CPU.Build.0 = Release|Any CPU
		{8FCF1193-C0A0-4FB7-98D8-AFE25A3BFA29}.Debug|Any CPU.ActiveCfg = Debug|Any CPU
		{8FCF1193-C0A0-4FB7-98D8-AFE25A3BFA29}.Debug|Any CPU.Build.0 = Debug|Any CPU
		{8FCF1193-C0A0-4FB7-98D8-AFE25A3BFA29}.Release|Any CPU.ActiveCfg = Release|Any CPU
		{8FCF1193-C0A0-4FB7-98D8-AFE25A3BFA29}.Release|Any CPU.Build.0 = Release|Any CPU
		{75DD44C2-4353-4F00-97D4-586AEF746648}.Debug|Any CPU.ActiveCfg = Debug|Any CPU
		{75DD44C2-4353-4F00-97D4-586AEF746648}.Debug|Any CPU.Build.0 = Debug|Any CPU
		{75DD44C2-4353-4F00-97D4-586AEF746648}.Release|Any CPU.ActiveCfg = Release|Any CPU
		{75DD44C2-4353-4F00-97D4-586AEF746648}.Release|Any CPU.Build.0 = Release|Any CPU
		{2F54E9A8-D8BE-4C38-9B4E-A0EB7602691C}.Debug|Any CPU.ActiveCfg = Debug|Any CPU
		{2F54E9A8-D8BE-4C38-9B4E-A0EB7602691C}.Debug|Any CPU.Build.0 = Debug|Any CPU
		{2F54E9A8-D8BE-4C38-9B4E-A0EB7602691C}.Release|Any CPU.ActiveCfg = Release|Any CPU
		{2F54E9A8-D8BE-4C38-9B4E-A0EB7602691C}.Release|Any CPU.Build.0 = Release|Any CPU
		{05014713-1561-4573-8B3F-64AE87EAF232}.Debug|Any CPU.ActiveCfg = Debug|Any CPU
		{05014713-1561-4573-8B3F-64AE87EAF232}.Debug|Any CPU.Build.0 = Debug|Any CPU
		{05014713-1561-4573-8B3F-64AE87EAF232}.Release|Any CPU.ActiveCfg = Release|Any CPU
		{05014713-1561-4573-8B3F-64AE87EAF232}.Release|Any CPU.Build.0 = Release|Any CPU
		{A970B00F-3E6F-44A2-9E75-0A3C93DA597F}.Debug|Any CPU.ActiveCfg = Debug|Any CPU
		{A970B00F-3E6F-44A2-9E75-0A3C93DA597F}.Debug|Any CPU.Build.0 = Debug|Any CPU
		{A970B00F-3E6F-44A2-9E75-0A3C93DA597F}.Release|Any CPU.ActiveCfg = Release|Any CPU
		{A970B00F-3E6F-44A2-9E75-0A3C93DA597F}.Release|Any CPU.Build.0 = Release|Any CPU
		{6AE1AB78-0A5F-46FA-BCEF-22BC52342DA7}.Debug|Any CPU.ActiveCfg = Debug|Any CPU
		{6AE1AB78-0A5F-46FA-BCEF-22BC52342DA7}.Debug|Any CPU.Build.0 = Debug|Any CPU
		{6AE1AB78-0A5F-46FA-BCEF-22BC52342DA7}.Release|Any CPU.ActiveCfg = Release|Any CPU
		{6AE1AB78-0A5F-46FA-BCEF-22BC52342DA7}.Release|Any CPU.Build.0 = Release|Any CPU
		{4D32855C-1324-418E-A365-89DCA4FEAB21}.Debug|Any CPU.ActiveCfg = Debug|Any CPU
		{4D32855C-1324-418E-A365-89DCA4FEAB21}.Debug|Any CPU.Build.0 = Debug|Any CPU
		{4D32855C-1324-418E-A365-89DCA4FEAB21}.Release|Any CPU.ActiveCfg = Release|Any CPU
		{4D32855C-1324-418E-A365-89DCA4FEAB21}.Release|Any CPU.Build.0 = Release|Any CPU
	EndGlobalSection
	GlobalSection(SolutionProperties) = preSolution
		HideSolutionNode = FALSE
	EndGlobalSection
	GlobalSection(ExtensibilityGlobals) = postSolution
		SolutionGuid = {8785BC72-19AB-4F89-85F8-42637DB5A3EF}
	EndGlobalSection
EndGlobal
